
Microsoft Visual Studio Solution File, Format Version 12.00
# Visual Studio Version 16
VisualStudioVersion = 25.0.1706.0
MinimumVisualStudioVersion = 10.0.40219.1
Project("{FAE04EC0-301F-11D3-BF4B-00C04F79EFBC}") = "letshavefun", "letshavefun\letshavefun.csproj", "{FC2F5641-0494-4672-AD6C-382DE7786887}"
EndProject
Global
	GlobalSection(SolutionConfigurationPlatforms) = preSolution
		Debug|Any CPU = Debug|Any CPU
		Release|Any CPU = Release|Any CPU
	EndGlobalSection
	GlobalSection(ProjectConfigurationPlatforms) = postSolution
		{FC2F5641-0494-4672-AD6C-382DE7786887}.Debug|Any CPU.ActiveCfg = Debug|Any CPU
		{FC2F5641-0494-4672-AD6C-382DE7786887}.Debug|Any CPU.Build.0 = Debug|Any CPU
		{FC2F5641-0494-4672-AD6C-382DE7786887}.Release|Any CPU.ActiveCfg = Release|Any CPU
		{FC2F5641-0494-4672-AD6C-382DE7786887}.Release|Any CPU.Build.0 = Release|Any CPU
	EndGlobalSection
	GlobalSection(SolutionProperties) = preSolution
		HideSolutionNode = FALSE
	EndGlobalSection
	GlobalSection(ExtensibilityGlobals) = postSolution
		SolutionGuid = {65A47A3E-47E1-4A2C-BDD0-99977E42A440}
	EndGlobalSection
EndGlobal
